
Microsoft Visual Studio Solution File, Format Version 12.00
# Visual Studio Version 16
VisualStudioVersion = 16.0.32428.217
MinimumVisualStudioVersion = 10.0.40219.1
Project("{9A19103F-16F7-4668-BE54-9A1E7A4F7556}") = "API", "API\API.csproj", "{A07EAA03-3D48-42FC-88D2-B64897751149}"
EndProject
Project("{FAE04EC0-301F-11D3-BF4B-00C04F79EFBC}") = "WebApp", "WebApp\WebApp.csproj", "{68976206-F088-4710-B90D-5E1FA0A25F2E}"
EndProject
Project("{FAE04EC0-301F-11D3-BF4B-00C04F79EFBC}") = "BusinessObjects", "BusinessObjects\BusinessObjects.csproj", "{6BC99F4D-738F-4C3E-B843-C2A20AAE1313}"
EndProject
Global
	GlobalSection(SolutionConfigurationPlatforms) = preSolution
		Debug|Any CPU = Debug|Any CPU
		Release|Any CPU = Release|Any CPU
	EndGlobalSection
	GlobalSection(ProjectConfigurationPlatforms) = postSolution
		{A07EAA03-3D48-42FC-88D2-B64897751149}.Debug|Any CPU.ActiveCfg = Debug|Any CPU
		{A07EAA03-3D48-42FC-88D2-B64897751149}.Debug|Any CPU.Build.0 = Debug|Any CPU
		{A07EAA03-3D48-42FC-88D2-B64897751149}.Release|Any CPU.ActiveCfg = Release|Any CPU
		{A07EAA03-3D48-42FC-88D2-B64897751149}.Release|Any CPU.Build.0 = Release|Any CPU
		{68976206-F088-4710-B90D-5E1FA0A25F2E}.Debug|Any CPU.ActiveCfg = Debug|Any CPU
		{68976206-F088-4710-B90D-5E1FA0A25F2E}.Debug|Any CPU.Build.0 = Debug|Any CPU
		{68976206-F088-4710-B90D-5E1FA0A25F2E}.Release|Any CPU.ActiveCfg = Release|Any CPU
		{68976206-F088-4710-B90D-5E1FA0A25F2E}.Release|Any CPU.Build.0 = Release|Any CPU
		{6BC99F4D-738F-4C3E-B843-C2A20AAE1313}.Debug|Any CPU.ActiveCfg = Debug|Any CPU
		{6BC99F4D-738F-4C3E-B843-C2A20AAE1313}.Debug|Any CPU.Build.0 = Debug|Any CPU
		{6BC99F4D-738F-4C3E-B843-C2A20AAE1313}.Release|Any CPU.ActiveCfg = Release|Any CPU
		{6BC99F4D-738F-4C3E-B843-C2A20AAE1313}.Release|Any CPU.Build.0 = Release|Any CPU
	EndGlobalSection
	GlobalSection(SolutionProperties) = preSolution
		HideSolutionNode = FALSE
	EndGlobalSection
	GlobalSection(ExtensibilityGlobals) = postSolution
		SolutionGuid = {A15E4FB6-DD4D-45E5-B41D-36683535DE24}
	EndGlobalSection
EndGlobal
